
Microsoft Visual Studio Solution File, Format Version 11.00
# Visual Studio 2010
Project("{FAE04EC0-301F-11D3-BF4B-00C04F79EFBC}") = "Assembly-CSharp", "Assembly-CSharp.csproj", "{2d0c3352-4caa-e4fb-fd86-71566ff5a3ed}"
EndProject
Project("{FAE04EC0-301F-11D3-BF4B-00C04F79EFBC}") = "Assembly-CSharp-Editor", "Assembly-CSharp-Editor.csproj", "{ba2d476d-0a23-ac32-7b32-b6cac87fbde2}"
EndProject
Global
	GlobalSection(SolutionConfigurationPlatforms) = preSolution
		Debug|Any CPU = Debug|Any CPU
	EndGlobalSection
	GlobalSection(ProjectConfigurationPlatforms) = postSolution
		{2d0c3352-4caa-e4fb-fd86-71566ff5a3ed}.Debug|Any CPU.ActiveCfg = Debug|Any CPU
		{2d0c3352-4caa-e4fb-fd86-71566ff5a3ed}.Debug|Any CPU.Build.0 = Debug|Any CPU
		{ba2d476d-0a23-ac32-7b32-b6cac87fbde2}.Debug|Any CPU.ActiveCfg = Debug|Any CPU
		{ba2d476d-0a23-ac32-7b32-b6cac87fbde2}.Debug|Any CPU.Build.0 = Debug|Any CPU
	EndGlobalSection
	GlobalSection(SolutionProperties) = preSolution
		HideSolutionNode = FALSE
	EndGlobalSection
EndGlobal
